
Microsoft Visual Studio Solution File, Format Version 12.00
# Visual Studio 15
VisualStudioVersion = 15.0.27130.2027
MinimumVisualStudioVersion = 10.0.40219.1
Project("{FAE04EC0-301F-11D3-BF4B-00C04F79EFBC}") = "PDF2PNG", "PDF2PNG\PDF2PNG.csproj", "{CCA3FC69-D93C-4759-902E-5C521344E60F}"
EndProject
Global
	GlobalSection(SolutionConfigurationPlatforms) = preSolution
		Debug|Any CPU = Debug|Any CPU
		Release|Any CPU = Release|Any CPU
	EndGlobalSection
	GlobalSection(ProjectConfigurationPlatforms) = postSolution
		{CCA3FC69-D93C-4759-902E-5C521344E60F}.Debug|Any CPU.ActiveCfg = Debug|Any CPU
		{CCA3FC69-D93C-4759-902E-5C521344E60F}.Debug|Any CPU.Build.0 = Debug|Any CPU
		{CCA3FC69-D93C-4759-902E-5C521344E60F}.Release|Any CPU.ActiveCfg = Release|Any CPU
		{CCA3FC69-D93C-4759-902E-5C521344E60F}.Release|Any CPU.Build.0 = Release|Any CPU
	EndGlobalSection
	GlobalSection(SolutionProperties) = preSolution
		HideSolutionNode = FALSE
	EndGlobalSection
	GlobalSection(ExtensibilityGlobals) = postSolution
		SolutionGuid = {552F13B3-228B-4CC9-A70F-0C9706D1BF4F}
	EndGlobalSection
EndGlobal
